
Microsoft Visual Studio Solution File, Format Version 12.00
# Visual Studio Version 16
VisualStudioVersion = 16.0.33801.447
MinimumVisualStudioVersion = 10.0.40219.1
Project("{2150E333-8FDC-42A3-9474-1A3956D46DE8}") = "DM Build", "DM Build", "{1C07649A-C18B-4C6E-B5C3-BE5CC3F62AD5}"
EndProject
Project("{2150E333-8FDC-42A3-9474-1A3956D46DE8}") = "DM Multidimensional Analysis", "DM Multidimensional Analysis", "{E6400C92-0258-433F-B0DB-429E545E1589}"
EndProject
Project("{2150E333-8FDC-42A3-9474-1A3956D46DE8}") = "DM Reports and Dashboards", "DM Reports and Dashboards", "{3A4C1D11-0065-4D11-8E6E-4E20AEFFB357}"
EndProject
Project("{2150E333-8FDC-42A3-9474-1A3956D46DE8}") = "DM Solution Documentation", "DM Solution Documentation", "{E7EA8693-700B-4379-83DB-BBC008B3781B}"
	ProjectSection(SolutionItems) = preProject
		..\..\..\OneDrive\Ryan & Chloe\Professional\Ryan DU MS BA\4. INFO 4240 - Data Warehousing\Group Project\Part 1\Data Documentation Template.xlsx = ..\..\..\OneDrive\Ryan & Chloe\Professional\Ryan DU MS BA\4. INFO 4240 - Data Warehousing\Group Project\Part 1\Data Documentation Template.xlsx
		..\..\..\OneDrive\Ryan & Chloe\Professional\Ryan DU MS BA\4. INFO 4240 - Data Warehousing\Group Project\Part 1\EscapeHotel Solution Dimensional Diagram.vsdx = ..\..\..\OneDrive\Ryan & Chloe\Professional\Ryan DU MS BA\4. INFO 4240 - Data Warehousing\Group Project\Part 1\EscapeHotel Solution Dimensional Diagram.vsdx
		..\..\..\OneDrive\Ryan & Chloe\Professional\Ryan DU MS BA\4. INFO 4240 - Data Warehousing\Group Project\Part 1\EscapeHotel Solution Documentation.docx = ..\..\..\OneDrive\Ryan & Chloe\Professional\Ryan DU MS BA\4. INFO 4240 - Data Warehousing\Group Project\Part 1\EscapeHotel Solution Documentation.docx
		..\..\..\OneDrive\Ryan & Chloe\Professional\Ryan DU MS BA\4. INFO 4240 - Data Warehousing\Group Project\Part 1\Information Package Template.xlsx = ..\..\..\OneDrive\Ryan & Chloe\Professional\Ryan DU MS BA\4. INFO 4240 - Data Warehousing\Group Project\Part 1\Information Package Template.xlsx
	EndProjectSection
EndProject
Project("{2150E333-8FDC-42A3-9474-1A3956D46DE8}") = "OLTP", "OLTP", "{D81204BD-DC9C-41A1-A56C-EEF9150F9F6A}"
EndProject
Global
	GlobalSection(SolutionProperties) = preSolution
		HideSolutionNode = FALSE
	EndGlobalSection
	GlobalSection(ExtensibilityGlobals) = postSolution
		SolutionGuid = {854FD810-2BD4-4C1F-BDED-79D941BA5547}
	EndGlobalSection
EndGlobal
